
Microsoft Visual Studio Solution File, Format Version 12.00
# Visual Studio 15
VisualStudioVersion = 15.0.28010.2016
MinimumVisualStudioVersion = 10.0.40219.1
Project("{9A19103F-16F7-4668-BE54-9A1E7A4F7556}") = "AsyncQueryable", "AsyncQueryable\AsyncQueryable.csproj", "{8679EF0D-4A53-4AC7-B2D9-027BFEC86116}"
EndProject
Project("{FAE04EC0-301F-11D3-BF4B-00C04F79EFBC}") = "AsyncQueryable.MongoDb", "AsyncQueryable.MongoDb\AsyncQueryable.MongoDb.csproj", "{43A9F2FD-C8B9-4795-8A56-81613636D850}"
EndProject
Project("{FAE04EC0-301F-11D3-BF4B-00C04F79EFBC}") = "AsyncQueryable.Fakes", "AsyncQueryable.Fakes\AsyncQueryable.Fakes.csproj", "{6F664885-2692-4F2D-AF09-8403C606C0D1}"
EndProject
Global
	GlobalSection(SolutionConfigurationPlatforms) = preSolution
		Debug|Any CPU = Debug|Any CPU
		Release|Any CPU = Release|Any CPU
	EndGlobalSection
	GlobalSection(ProjectConfigurationPlatforms) = postSolution
		{8679EF0D-4A53-4AC7-B2D9-027BFEC86116}.Debug|Any CPU.ActiveCfg = Debug|Any CPU
		{8679EF0D-4A53-4AC7-B2D9-027BFEC86116}.Debug|Any CPU.Build.0 = Debug|Any CPU
		{8679EF0D-4A53-4AC7-B2D9-027BFEC86116}.Release|Any CPU.ActiveCfg = Release|Any CPU
		{8679EF0D-4A53-4AC7-B2D9-027BFEC86116}.Release|Any CPU.Build.0 = Release|Any CPU
		{43A9F2FD-C8B9-4795-8A56-81613636D850}.Debug|Any CPU.ActiveCfg = Debug|Any CPU
		{43A9F2FD-C8B9-4795-8A56-81613636D850}.Debug|Any CPU.Build.0 = Debug|Any CPU
		{43A9F2FD-C8B9-4795-8A56-81613636D850}.Release|Any CPU.ActiveCfg = Release|Any CPU
		{43A9F2FD-C8B9-4795-8A56-81613636D850}.Release|Any CPU.Build.0 = Release|Any CPU
		{6F664885-2692-4F2D-AF09-8403C606C0D1}.Debug|Any CPU.ActiveCfg = Debug|Any CPU
		{6F664885-2692-4F2D-AF09-8403C606C0D1}.Debug|Any CPU.Build.0 = Debug|Any CPU
		{6F664885-2692-4F2D-AF09-8403C606C0D1}.Release|Any CPU.ActiveCfg = Release|Any CPU
		{6F664885-2692-4F2D-AF09-8403C606C0D1}.Release|Any CPU.Build.0 = Release|Any CPU
	EndGlobalSection
	GlobalSection(SolutionProperties) = preSolution
		HideSolutionNode = FALSE
	EndGlobalSection
	GlobalSection(ExtensibilityGlobals) = postSolution
		SolutionGuid = {C62D159B-5E39-4651-833F-5237D49B6D25}
	EndGlobalSection
EndGlobal
